PODS:
  - Cosmos (21.0.0)
  - M13Checkbox (3.4.0)
  - SideMenu (6.4.7)

DEPENDENCIES:
  - Cosmos (~> 21.0)
  - M13Checkbox
  - SideMenu

SPEC REPOS:
  trunk:
    - Cosmos
    - M13Checkbox
    - SideMenu

SPEC CHECKSUMS:
  Cosmos: 3dfb6e4ba48bd48b8c9aa2a77048ae11ed114f96
  M13Checkbox: 6f59404540ac98ba83a3d1afac335895a40c6a5d
  SideMenu: 928a015669c3afc201e1fe3a87f1b0bc8993a664

PODFILE CHECKSUM: 4b1c0fa71e2f560bc625cc23f6bdfd32e79a5180

COCOAPODS: 1.8.4
