// !$*UTF8*$!
{
	archiveVersion = 1;
	classes = {
	};
	objectVersion = 50;
	objects = {

/* Begin PBXBuildFile section */
		F24AB1C123EFC3AE00ECBE1E /* AppDelegate.swift in Sources */ = {isa = PBXBuildFile; fileRef = F24AB1C023EFC3AE00ECBE1E /* AppDelegate.swift */; };
		F24AB1C323EFC3AE00ECBE1E /* SceneDelegate.swift in Sources */ = {isa = PBXBuildFile; fileRef = F24AB1C223EFC3AE00ECBE1E /* SceneDelegate.swift */; };
		F24AB1C523EFC3AE00ECBE1E /* ViewController.swift in Sources */ = {isa = PBXBuildFile; fileRef = F24AB1C423EFC3AE00ECBE1E /* ViewController.swift */; };
		F24AB1C823EFC3AE00ECBE1E /* Main.storyboard in Resources */ = {isa = PBXBuildFile; fileRef = F24AB1C623EFC3AE00ECBE1E /* Main.storyboard */; };
		F24AB1CB23EFC3AE00ECBE1E /* Do_Did_List.xcdatamodeld in Sources */ = {isa = PBXBuildFile; fileRef = F24AB1C923EFC3AE00ECBE1E /* Do_Did_List.xcdatamodeld */; };
		F24AB1CD23EFC3B100ECBE1E /* Assets.xcassets in Resources */ = {isa = PBXBuildFile; fileRef = F24AB1CC23EFC3B100ECBE1E /* Assets.xcassets */; };
		F24AB1D023EFC3B100ECBE1E /* LaunchScreen.storyboard in Resources */ = {isa = PBXBuildFile; fileRef = F24AB1CE23EFC3B100ECBE1E /* LaunchScreen.storyboard */; };
/* End PBXBuildFile section */

/* Begin PBXFileReference section */
		F24AB1BD23EFC3AE00ECBE1E /* Do_Did_List.app */ = {isa = PBXFileReference; explicitFileType = wrapper.application; includeInIndex = 0; path = Do_Did_List.app; sourceTree = BUILT_PRODUCTS_DIR; };
		F24AB1C023EFC3AE00ECBE1E /* AppDelegate.swift */ = {isa = PBXFileReference; lastKnownFileType = sourcecode.swift; path = AppDelegate.swift; sourceTree = "<group>"; };
		F24AB1C223EFC3AE00ECBE1E /* SceneDelegate.swift */ = {isa = PBXFileReference; lastKnownFileType = sourcecode.swift; path = SceneDelegate.swift; sourceTree = "<group>"; };
		F24AB1C423EFC3AE00ECBE1E /* ViewController.swift */ = {isa = PBXFileReference; lastKnownFileType = sourcecode.swift; path = ViewController.swift; sourceTree = "<group>"; };
		F24AB1C723EFC3AE00ECBE1E /* Base */ = {isa = PBXFileReference; lastKnownFileType = file.storyboard; name = Base; path = Base.lproj/Main.storyboard; sourceTree = "<group>"; };
		F24AB1CA23EFC3AE00ECBE1E /* Do_Did_List.xcdatamodel */ = {isa = PBXFileReference; lastKnownFileType = wrapper.xcdatamodel; path = Do_Did_List.xcdatamodel; sourceTree = "<group>"; };
		F24AB1CC23EFC3B100ECBE1E /* Assets.xcassets */ = {isa = PBXFileReference; lastKnownFileType = folder.assetcatalog; path = Assets.xcassets; sourceTree = "<group>"; };
		F24AB1CF23EFC3B100ECBE1E /* Base */ = {isa = PBXFileReference; lastKnownFileType = file.storyboard; name = Base; path = Base.lproj/LaunchScreen.storyboard; sourceTree = "<group>"; };
		F24AB1D123EFC3B100ECBE1E /* Info.plist */ = {isa = PBXFileReference; lastKnownFileType = text.plist.xml; path = Info.plist; sourceTree = "<group>"; };
/* End PBXFileReference section */

/* Begin PBXFrameworksBuildPhase section */
		F24AB1BA23EFC3AE00ECBE1E /* Frameworks */ = {
			isa = PBXFrameworksBuildPhase;
			buildActionMask = 2147483647;
			files = (
			);
			runOnlyForDeploymentPostprocessing = 0;
		};
/* End PBXFrameworksBuildPhase section */

/* Begin PBXGroup section */
		F24AB1B423EFC3AE00ECBE1E = {
			isa = PBXGroup;
			children = (
				F24AB1BF23EFC3AE00ECBE1E /* Do_Did_List */,
				F24AB1BE23EFC3AE00ECBE1E /* Products */,
			);
			sourceTree = "<group>";
		};
		F24AB1BE23EFC3AE00ECBE1E /* Products */ = {
			isa = PBXGroup;
			children = (
				F24AB1BD23EFC3AE00ECBE1E /* Do_Did_List.app */,
			);
			name = Products;
			sourceTree = "<group>";
		};
		F24AB1BF23EFC3AE00ECBE1E /* Do_Did_List */ = {
			isa = PBXGroup;
			children = (
				F24AB1C023EFC3AE00ECBE1E /* AppDelegate.swift */,
				F24AB1C223EFC3AE00ECBE1E /* SceneDelegate.swift */,
				F24AB1C423EFC3AE00ECBE1E /* ViewController.swift */,
				F24AB1C623EFC3AE00ECBE1E /* Main.storyboard */,
				F24AB1CC23EFC3B100ECBE1E /* Assets.xcassets */,
				F24AB1CE23EFC3B100ECBE1E /* LaunchScreen.storyboard */,
				F24AB1D123EFC3B100ECBE1E /* Info.plist */,
				F24AB1C923EFC3AE00ECBE1E /* Do_Did_List.xcdatamodeld */,
			);
			path = Do_Did_List;
			sourceTree = "<group>";
		};
/* End PBXGroup section */

/* Begin PBXNativeTarget section */
		F24AB1BC23EFC3AE00ECBE1E /* Do_Did_List */ = {
			isa = PBXNativeTarget;
			buildConfigurationList = F24AB1D423EFC3B100ECBE1E /* Build configuration list for PBXNativeTarget "Do_Did_List" */;
			buildPhases = (
				F24AB1B923EFC3AE00ECBE1E /* Sources */,
				F24AB1BA23EFC3AE00ECBE1E /* Frameworks */,
				F24AB1BB23EFC3AE00ECBE1E /* Resources */,
			);
			buildRules = (
			);
			dependencies = (
			);
			name = Do_Did_List;
			productName = Do_Did_List;
			productReference = F24AB1BD23EFC3AE00ECBE1E /* Do_Did_List.app */;
			productType = "com.apple.product-type.application";
		};
/* End PBXNativeTarget section */

/* Begin PBXProject section */
		F24AB1B523EFC3AE00ECBE1E /* Project object */ = {
			isa = PBXProject;
			attributes = {
				LastSwiftUpdateCheck = 1130;
				LastUpgradeCheck = 1130;
				ORGANIZATIONNAME = MinseokKang;
				TargetAttributes = {
					F24AB1BC23EFC3AE00ECBE1E = {
						CreatedOnToolsVersion = 11.3.1;
					};
				};
			};
			buildConfigurationList = F24AB1B823EFC3AE00ECBE1E /* Build configuration list for PBXProject "Do_Did_List" */;
			compatibilityVersion = "Xcode 9.3";
			developmentRegion = en;
			hasScannedForEncodings = 0;
			knownRegions = (
				en,
				Base,
			);
			mainGroup = F24AB1B423EFC3AE00ECBE1E;
			productRefGroup = F24AB1BE23EFC3AE00ECBE1E /* Products */;
			projectDirPath = "";
			projectRoot = "";
			targets = (
				F24AB1BC23EFC3AE00ECBE1E /* Do_Did_List */,
			);
		};
/* End PBXProject section */

/* Begin PBXResourcesBuildPhase section */
		F24AB1BB23EFC3AE00ECBE1E /* Resources */ = {
			isa = PBXResourcesBuildPhase;
			buildActionMask = 2147483647;
			files = (
				F24AB1D023EFC3B100ECBE1E /* LaunchScreen.storyboard in Resources */,
				F24AB1CD23EFC3B100ECBE1E /* Assets.xcassets in Resources */,
				F24AB1C823EFC3AE00ECBE1E /* Main.storyboard in Resources */,
			);
			runOnlyForDeploymentPostprocessing = 0;
		};
/* End PBXResourcesBuildPhase section */

/* Begin PBXSourcesBuildPhase section */
		F24AB1B923EFC3AE00ECBE1E /* Sources */ = {
			isa = PBXSourcesBuildPhase;
			buildActionMask = 2147483647;
			files = (
				F24AB1C523EFC3AE00ECBE1E /* ViewController.swift in Sources */,
				F24AB1C123EFC3AE00ECBE1E /* AppDelegate.swift in Sources */,
				F24AB1CB23EFC3AE00ECBE1E /* Do_Did_List.xcdatamodeld in Sources */,
				F24AB1C323EFC3AE00ECBE1E /* SceneDelegate.swift in Sources */,
			);
			runOnlyForDeploymentPostprocessing = 0;
		};
/* End PBXSourcesBuildPhase section */

/* Begin PBXVariantGroup section */
		F24AB1C623EFC3AE00ECBE1E /* Main.storyboard */ = {
			isa = PBXVariantGroup;
			children = (
				F24AB1C723EFC3AE00ECBE1E /* Base */,
			);
			name = Main.storyboard;
			sourceTree = "<group>";
		};
		F24AB1CE23EFC3B100ECBE1E /* LaunchScreen.storyboard */ = {
			isa = PBXVariantGroup;
			children = (
				F24AB1CF23EFC3B100ECBE1E /* Base */,
			);
			name = LaunchScreen.storyboard;
			sourceTree = "<group>";
		};
/* End PBXVariantGroup section */

/* Begin XCBuildConfiguration section */
		F24AB1D223EFC3B100ECBE1E /* Debug */ = {
			isa = XCBuildConfiguration;
			buildSettings = {
				ALWAYS_SEARCH_USER_PATHS = NO;
				CLANG_ANALYZER_NONNULL = YES;
				CLANG_ANALYZER_NUMBER_OBJECT_CONVERSION = YES_AGGRESSIVE;
				CLANG_CXX_LANGUAGE_STANDARD = "gnu++14";
				CLANG_CXX_LIBRARY = "libc++";
				CLANG_ENABLE_MODULES = YES;
				CLANG_ENABLE_OBJC_ARC = YES;
				CLANG_ENABLE_OBJC_WEAK = YES;
				CLANG_WARN_BLOCK_CAPTURE_AUTORELEASING = YES;
				CLANG_WARN_BOOL_CONVERSION = YES;
				CLANG_WARN_COMMA = YES;
				CLANG_WARN_CONSTANT_CONVERSION = YES;
				CLANG_WARN_DEPRECATED_OBJC_IMPLEMENTATIONS = YES;
				CLANG_WARN_DIRECT_OBJC_ISA_USAGE = YES_ERROR;
				CLANG_WARN_DOCUMENTATION_COMMENTS = YES;
				CLANG_WARN_EMPTY_BODY = YES;
				CLANG_WARN_ENUM_CONVERSION = YES;
				CLANG_WARN_INFINITE_RECURSION = YES;
				CLANG_WARN_INT_CONVERSION = YES;
				CLANG_WARN_NON_LITERAL_NULL_CONVERSION = YES;
				CLANG_WARN_OBJC_IMPLICIT_RETAIN_SELF = YES;
				CLANG_WARN_OBJC_LITERAL_CONVERSION = YES;
				CLANG_WARN_OBJC_ROOT_CLASS = YES_ERROR;
				CLANG_WARN_RANGE_LOOP_ANALYSIS = YES;
				CLANG_WARN_STRICT_PROTOTYPES = YES;
				CLANG_WARN_SUSPICIOUS_MOVE = YES;
				CLANG_WARN_UNGUARDED_AVAILABILITY = YES_AGGRESSIVE;
				CLANG_WARN_UNREACHABLE_CODE = YES;
				CLANG_WARN__DUPLICATE_METHOD_MATCH = YES;
				COPY_PHASE_STRIP = NO;
				DEBUG_INFORMATION_FORMAT = dwarf;
				ENABLE_STRICT_OBJC_MSGSEND = YES;
				ENABLE_TESTABILITY = YES;
				GCC_C_LANGUAGE_STANDARD = gnu11;
				GCC_DYNAMIC_NO_PIC = NO;
				GCC_NO_COMMON_BLOCKS = YES;
				GCC_OPTIMIZATION_LEVEL = 0;
				GCC_PREPROCESSOR_DEFINITIONS = (
					"DEBUG=1",
					"$(inherited)",
				);
				GCC_WARN_64_TO_32_BIT_CONVERSION = YES;
				GCC_WARN_ABOUT_RETURN_TYPE = YES_ERROR;
				GCC_WARN_UNDECLARED_SELECTOR = YES;
				GCC_WARN_UNINITIALIZED_AUTOS = YES_AGGRESSIVE;
				GCC_WARN_UNUSED_FUNCTION = YES;
				GCC_WARN_UNUSED_VARIABLE = YES;
				IPHONEOS_DEPLOYMENT_TARGET = 13.2;
				MTL_ENABLE_DEBUG_INFO = INCLUDE_SOURCE;
				MTL_FAST_MATH = YES;
				ONLY_ACTIVE_ARCH = YES;
				SDKROOT = iphoneos;
				SWIFT_ACTIVE_COMPILATION_CONDITIONS = DEBUG;
				SWIFT_OPTIMIZATION_LEVEL = "-Onone";
			};
			name = Debug;
		};
		F24AB1D323EFC3B100ECBE1E /* Release */ = {
			isa = XCBuildConfiguration;
			buildSettings = {
				ALWAYS_SEARCH_USER_PATHS = NO;
				CLANG_ANALYZER_NONNULL = YES;
				CLANG_ANALYZER_NUMBER_OBJECT_CONVERSION = YES_AGGRESSIVE;
				CLANG_CXX_LANGUAGE_STANDARD = "gnu++14";
				CLANG_CXX_LIBRARY = "libc++";
				CLANG_ENABLE_MODULES = YES;
				CLANG_ENABLE_OBJC_ARC = YES;
				CLANG_ENABLE_OBJC_WEAK = YES;
				CLANG_WARN_BLOCK_CAPTURE_AUTORELEASING = YES;
				CLANG_WARN_BOOL_CONVERSION = YES;
				CLANG_WARN_COMMA = YES;
				CLANG_WARN_CONSTANT_CONVERSION = YES;
				CLANG_WARN_DEPRECATED_OBJC_IMPLEMENTATIONS = YES;
				CLANG_WARN_DIRECT_OBJC_ISA_USAGE = YES_ERROR;
				CLANG_WARN_DOCUMENTATION_COMMENTS = YES;
				CLANG_WARN_EMPTY_BODY = YES;
				CLANG_WARN_ENUM_CONVERSION = YES;
				CLANG_WARN_INFINITE_RECURSION = YES;
				CLANG_WARN_INT_CONVERSION = YES;
				CLANG_WARN_NON_LITERAL_NULL_CONVERSION = YES;
				CLANG_WARN_OBJC_IMPLICIT_RETAIN_SELF = YES;
				CLANG_WARN_OBJC_LITERAL_CONVERSION = YES;
				CLANG_WARN_OBJC_ROOT_CLASS = YES_ERROR;
				CLANG_WARN_RANGE_LOOP_ANALYSIS = YES;
				CLANG_WARN_STRICT_PROTOTYPES = YES;
				CLANG_WARN_SUSPICIOUS_MOVE = YES;
				CLANG_WARN_UNGUARDED_AVAILABILITY = YES_AGGRESSIVE;
				CLANG_WARN_UNREACHABLE_CODE = YES;
				CLANG_WARN__DUPLICATE_METHOD_MATCH = YES;
				COPY_PHASE_STRIP = NO;
				DEBUG_INFORMATION_FORMAT = "dwarf-with-dsym";
				ENABLE_NS_ASSERTIONS = NO;
				ENABLE_STRICT_OBJC_MSGSEND = YES;
				GCC_C_LANGUAGE_STANDARD = gnu11;
				GCC_NO_COMMON_BLOCKS = YES;
				GCC_WARN_64_TO_32_BIT_CONVERSION = YES;
				GCC_WARN_ABOUT_RETURN_TYPE = YES_ERROR;
				GCC_WARN_UNDECLARED_SELECTOR = YES;
				GCC_WARN_UNINITIALIZED_AUTOS = YES_AGGRESSIVE;
				GCC_WARN_UNUSED_FUNCTION = YES;
				GCC_WARN_UNUSED_VARIABLE = YES;
				IPHONEOS_DEPLOYMENT_TARGET = 13.2;
				MTL_ENABLE_DEBUG_INFO = NO;
				MTL_FAST_MATH = YES;
				SDKROOT = iphoneos;
				SWIFT_COMPILATION_MODE = wholemodule;
				SWIFT_OPTIMIZATION_LEVEL = "-O";
				VALIDATE_PRODUCT = YES;
			};
			name = Release;
		};
		F24AB1D523EFC3B100ECBE1E /* Debug */ = {
			isa = XCBuildConfiguration;
			buildSettings = {
				ASSETCATALOG_COMPILER_APPICON_NAME = AppIcon;
				CODE_SIGN_STYLE = Automatic;
				DEVELOPMENT_TEAM = 75FNRKTJ9S;
				INFOPLIST_FILE = Do_Did_List/Info.plist;
				LD_RUNPATH_SEARCH_PATHS = (
					"$(inherited)",
					"@executable_path/Frameworks",
				);
				PRODUCT_BUNDLE_IDENTIFIER = "com.tistory.axe-num1.Do-Did-List";
				PRODUCT_NAME = "$(TARGET_NAME)";
				SWIFT_VERSION = 5.0;
				TARGETED_DEVICE_FAMILY = "1,2";
			};
			name = Debug;
		};
		F24AB1D623EFC3B100ECBE1E /* Release */ = {
			isa = XCBuildConfiguration;
			buildSettings = {
				ASSETCATALOG_COMPILER_APPICON_NAME = AppIcon;
				CODE_SIGN_STYLE = Automatic;
				DEVELOPMENT_TEAM = 75FNRKTJ9S;
				INFOPLIST_FILE = Do_Did_List/Info.plist;
				LD_RUNPATH_SEARCH_PATHS = (
					"$(inherited)",
					"@executable_path/Frameworks",
				);
				PRODUCT_BUNDLE_IDENTIFIER = "com.tistory.axe-num1.Do-Did-List";
				PRODUCT_NAME = "$(TARGET_NAME)";
				SWIFT_VERSION = 5.0;
				TARGETED_DEVICE_FAMILY = "1,2";
			};
			name = Release;
		};
/* End XCBuildConfiguration section */

/* Begin XCConfigurationList section */
		F24AB1B823EFC3AE00ECBE1E /* Build configuration list for PBXProject "Do_Did_List" */ = {
			isa = XCConfigurationList;
			buildConfigurations = (
				F24AB1D223EFC3B100ECBE1E /* Debug */,
				F24AB1D323EFC3B100ECBE1E /* Release */,
			);
			defaultConfigurationIsVisible = 0;
			defaultConfigurationName = Release;
		};
		F24AB1D423EFC3B100ECBE1E /* Build configuration list for PBXNativeTarget "Do_Did_List" */ = {
			isa = XCConfigurationList;
			buildConfigurations = (
				F24AB1D523EFC3B100ECBE1E /* Debug */,
				F24AB1D623EFC3B100ECBE1E /* Release */,
			);
			defaultConfigurationIsVisible = 0;
			defaultConfigurationName = Release;
		};
/* End XCConfigurationList section */

/* Begin XCVersionGroup section */
		F24AB1C923EFC3AE00ECBE1E /* Do_Did_List.xcdatamodeld */ = {
			isa = XCVersionGroup;
			children = (
				F24AB1CA23EFC3AE00ECBE1E /* Do_Did_List.xcdatamodel */,
			);
			currentVersion = F24AB1CA23EFC3AE00ECBE1E /* Do_Did_List.xcdatamodel */;
			path = Do_Did_List.xcdatamodeld;
			sourceTree = "<group>";
			versionGroupType = wrapper.xcdatamodel;
		};
/* End XCVersionGroup section */
	};
	rootObject = F24AB1B523EFC3AE00ECBE1E /* Project object */;
}
