// !$*UTF8*$!
{
	archiveVersion = 1;
	classes = {
	};
	objectVersion = 51;
	objects = {

/* Begin PBXBuildFile section */
		56F825E0AE59A84A6858CC4B /* Pods_Do_Did_List.framework in Frameworks */ = {isa = PBXBuildFile; fileRef = 977E1452DED3D85498DC6191 /* Pods_Do_Did_List.framework */; };
		F24AB1C123EFC3AE00ECBE1E /* AppDelegate.swift in Sources */ = {isa = PBXBuildFile; fileRef = F24AB1C023EFC3AE00ECBE1E /* AppDelegate.swift */; };
		F24AB1C323EFC3AE00ECBE1E /* SceneDelegate.swift in Sources */ = {isa = PBXBuildFile; fileRef = F24AB1C223EFC3AE00ECBE1E /* SceneDelegate.swift */; };
		F24AB1C523EFC3AE00ECBE1E /* StartViewController.swift in Sources */ = {isa = PBXBuildFile; fileRef = F24AB1C423EFC3AE00ECBE1E /* StartViewController.swift */; };
		F24AB1C823EFC3AE00ECBE1E /* Main.storyboard in Resources */ = {isa = PBXBuildFile; fileRef = F24AB1C623EFC3AE00ECBE1E /* Main.storyboard */; };
		F24AB1CB23EFC3AE00ECBE1E /* Do_Did_List.xcdatamodeld in Sources */ = {isa = PBXBuildFile; fileRef = F24AB1C923EFC3AE00ECBE1E /* Do_Did_List.xcdatamodeld */; };
		F24AB1D023EFC3B100ECBE1E /* LaunchScreen.storyboard in Resources */ = {isa = PBXBuildFile; fileRef = F24AB1CE23EFC3B100ECBE1E /* LaunchScreen.storyboard */; };
		F25C3787240D0F5F00E0EF0C /* AddToDoTableViewCell.swift in Sources */ = {isa = PBXBuildFile; fileRef = F25C3785240D0F5F00E0EF0C /* AddToDoTableViewCell.swift */; };
		F25C378A240D487200E0EF0C /* AddToDoPullUp.storyboard in Resources */ = {isa = PBXBuildFile; fileRef = F25C3789240D487200E0EF0C /* AddToDoPullUp.storyboard */; };
		F25C378C240D494700E0EF0C /* AddToDoPullUpViewController.swift in Sources */ = {isa = PBXBuildFile; fileRef = F25C378B240D494700E0EF0C /* AddToDoPullUpViewController.swift */; };
		F25FB73223EFF38900282434 /* FivoSans-Black-Oblique.otf in Resources */ = {isa = PBXBuildFile; fileRef = F25FB73123EFF38900282434 /* FivoSans-Black-Oblique.otf */; };
		F25FB73423EFF39500282434 /* FivoSans-Black.otf in Resources */ = {isa = PBXBuildFile; fileRef = F25FB73323EFF39500282434 /* FivoSans-Black.otf */; };
		F26B3BE92421CEFC00052ABF /* ModelManager.swift in Sources */ = {isa = PBXBuildFile; fileRef = F26B3BE82421CEFC00052ABF /* ModelManager.swift */; };
		F283C1E423FFBA0A00392DC5 /* Assets.xcassets in Resources */ = {isa = PBXBuildFile; fileRef = F283C1E323FFBA0A00392DC5 /* Assets.xcassets */; };
		F2AE5E4D241500660029A2AE /* NewToDoTableViewController.swift in Sources */ = {isa = PBXBuildFile; fileRef = F2AE5E4C241500660029A2AE /* NewToDoTableViewController.swift */; };
		F2C0A52F2407C52A0047B0A4 /* ToDoItem.swift in Sources */ = {isa = PBXBuildFile; fileRef = F2C0A52E2407C52A0047B0A4 /* ToDoItem.swift */; };
		F2CAB8832403EFF500ECCEBF /* ToDoTableViewCell.swift in Sources */ = {isa = PBXBuildFile; fileRef = F2CAB8812403EFF500ECCEBF /* ToDoTableViewCell.swift */; };
		F2CAB8842403EFF500ECCEBF /* ToDoTableViewCell.xib in Resources */ = {isa = PBXBuildFile; fileRef = F2CAB8822403EFF500ECCEBF /* ToDoTableViewCell.xib */; };
		F2E702CD2400E68200A0289E /* SideMenuViewController.swift in Sources */ = {isa = PBXBuildFile; fileRef = F2E702CB2400E68200A0289E /* SideMenuViewController.swift */; };
		F2E702D02400E6C300A0289E /* MainViewController.swift in Sources */ = {isa = PBXBuildFile; fileRef = F2E702CF2400E6C300A0289E /* MainViewController.swift */; };
		F2E702D424013C0300A0289E /* UIViewRounding.swift in Sources */ = {isa = PBXBuildFile; fileRef = F2E702D324013C0300A0289E /* UIViewRounding.swift */; };
		F2FE47A1240BEDC300EAD268 /* AddToDoViewController.swift in Sources */ = {isa = PBXBuildFile; fileRef = F2FE47A0240BEDC300EAD268 /* AddToDoViewController.swift */; };
/* End PBXBuildFile section */

/* Begin PBXFileReference section */
		16F537CFBF1802084E4F37B6 /* Pods_Do_Did_List.framework */ = {isa = PBXFileReference; explicitFileType = wrapper.framework; includeInIndex = 0; path = Pods_Do_Did_List.framework; sourceTree = BUILT_PRODUCTS_DIR; };
		2E6A4C6452B4AA37FA9D37E0 /* Pods-Do_Did_List.debug.xcconfig */ = {isa = PBXFileReference; includeInIndex = 1; lastKnownFileType = text.xcconfig; name = "Pods-Do_Did_List.debug.xcconfig"; path = "Target Support Files/Pods-Do_Did_List/Pods-Do_Did_List.debug.xcconfig"; sourceTree = "<group>"; };
		341C208A4A67D749A0AB5457 /* Pods-Do_Did_List.release.xcconfig */ = {isa = PBXFileReference; includeInIndex = 1; lastKnownFileType = text.xcconfig; name = "Pods-Do_Did_List.release.xcconfig"; path = "Target Support Files/Pods-Do_Did_List/Pods-Do_Did_List.release.xcconfig"; sourceTree = "<group>"; };
		977E1452DED3D85498DC6191 /* Pods_Do_Did_List.framework */ = {isa = PBXFileReference; explicitFileType = wrapper.framework; includeInIndex = 0; path = Pods_Do_Did_List.framework; sourceTree = BUILT_PRODUCTS_DIR; };
		F24AB1BD23EFC3AE00ECBE1E /* Do_Did_List.app */ = {isa = PBXFileReference; explicitFileType = wrapper.application; includeInIndex = 0; path = Do_Did_List.app; sourceTree = BUILT_PRODUCTS_DIR; };
		F24AB1C023EFC3AE00ECBE1E /* AppDelegate.swift */ = {isa = PBXFileReference; lastKnownFileType = sourcecode.swift; path = AppDelegate.swift; sourceTree = "<group>"; };
		F24AB1C223EFC3AE00ECBE1E /* SceneDelegate.swift */ = {isa = PBXFileReference; lastKnownFileType = sourcecode.swift; path = SceneDelegate.swift; sourceTree = "<group>"; };
		F24AB1C423EFC3AE00ECBE1E /* StartViewController.swift */ = {isa = PBXFileReference; lastKnownFileType = sourcecode.swift; path = StartViewController.swift; sourceTree = "<group>"; };
		F24AB1C723EFC3AE00ECBE1E /* Base */ = {isa = PBXFileReference; lastKnownFileType = file.storyboard; name = Base; path = Base.lproj/Main.storyboard; sourceTree = "<group>"; };
		F24AB1CA23EFC3AE00ECBE1E /* Do_Did_List.xcdatamodel */ = {isa = PBXFileReference; lastKnownFileType = wrapper.xcdatamodel; path = Do_Did_List.xcdatamodel; sourceTree = "<group>"; };
		F24AB1CF23EFC3B100ECBE1E /* Base */ = {isa = PBXFileReference; lastKnownFileType = file.storyboard; name = Base; path = Base.lproj/LaunchScreen.storyboard; sourceTree = "<group>"; };
		F24AB1D123EFC3B100ECBE1E /* Info.plist */ = {isa = PBXFileReference; lastKnownFileType = text.plist.xml; path = Info.plist; sourceTree = "<group>"; };
		F25C3785240D0F5F00E0EF0C /* AddToDoTableViewCell.swift */ = {isa = PBXFileReference; lastKnownFileType = sourcecode.swift; path = AddToDoTableViewCell.swift; sourceTree = "<group>"; };
		F25C3789240D487200E0EF0C /* AddToDoPullUp.storyboard */ = {isa = PBXFileReference; lastKnownFileType = file.storyboard; path = AddToDoPullUp.storyboard; sourceTree = "<group>"; };
		F25C378B240D494700E0EF0C /* AddToDoPullUpViewController.swift */ = {isa = PBXFileReference; lastKnownFileType = sourcecode.swift; path = AddToDoPullUpViewController.swift; sourceTree = "<group>"; };
		F25FB73123EFF38900282434 /* FivoSans-Black-Oblique.otf */ = {isa = PBXFileReference; lastKnownFileType = file; path = "FivoSans-Black-Oblique.otf"; sourceTree = "<group>"; };
		F25FB73323EFF39500282434 /* FivoSans-Black.otf */ = {isa = PBXFileReference; lastKnownFileType = file; path = "FivoSans-Black.otf"; sourceTree = "<group>"; };
		F25FB73523EFF86200282434 /* Lottie.framework */ = {isa = PBXFileReference; explicitFileType = wrapper.framework; path = Lottie.framework; sourceTree = BUILT_PRODUCTS_DIR; };
		F25FB73B23EFFA0500282434 /* Lottie.framework */ = {isa = PBXFileReference; explicitFileType = wrapper.framework; path = Lottie.framework; sourceTree = BUILT_PRODUCTS_DIR; };
		F26B3BE82421CEFC00052ABF /* ModelManager.swift */ = {isa = PBXFileReference; lastKnownFileType = sourcecode.swift; path = ModelManager.swift; sourceTree = "<group>"; };
		F283C1E323FFBA0A00392DC5 /* Assets.xcassets */ = {isa = PBXFileReference; lastKnownFileType = folder.assetcatalog; path = Assets.xcassets; sourceTree = "<group>"; };
		F2A3A0A82403E343004E81E0 /* Cosmos.framework */ = {isa = PBXFileReference; explicitFileType = wrapper.framework; path = Cosmos.framework; sourceTree = BUILT_PRODUCTS_DIR; };
		F2A3A0A92403E343004E81E0 /* M13Checkbox.framework */ = {isa = PBXFileReference; explicitFileType = wrapper.framework; path = M13Checkbox.framework; sourceTree = BUILT_PRODUCTS_DIR; };
		F2A3A0AA2403E343004E81E0 /* SideMenu.framework */ = {isa = PBXFileReference; explicitFileType = wrapper.framework; path = SideMenu.framework; sourceTree = BUILT_PRODUCTS_DIR; };
		F2AE5E4C241500660029A2AE /* NewToDoTableViewController.swift */ = {isa = PBXFileReference; lastKnownFileType = sourcecode.swift; path = NewToDoTableViewController.swift; sourceTree = "<group>"; };
		F2B8019123FFE4AF0014D4B6 /* SideMenu.framework */ = {isa = PBXFileReference; explicitFileType = wrapper.framework; path = SideMenu.framework; sourceTree = BUILT_PRODUCTS_DIR; };
		F2C0A52E2407C52A0047B0A4 /* ToDoItem.swift */ = {isa = PBXFileReference; lastKnownFileType = sourcecode.swift; path = ToDoItem.swift; sourceTree = "<group>"; };
		F2CAB8812403EFF500ECCEBF /* ToDoTableViewCell.swift */ = {isa = PBXFileReference; lastKnownFileType = sourcecode.swift; path = ToDoTableViewCell.swift; sourceTree = "<group>"; };
		F2CAB8822403EFF500ECCEBF /* ToDoTableViewCell.xib */ = {isa = PBXFileReference; lastKnownFileType = file.xib; path = ToDoTableViewCell.xib; sourceTree = "<group>"; };
		F2E702CB2400E68200A0289E /* SideMenuViewController.swift */ = {isa = PBXFileReference; lastKnownFileType = sourcecode.swift; path = SideMenuViewController.swift; sourceTree = "<group>"; };
		F2E702CF2400E6C300A0289E /* MainViewController.swift */ = {isa = PBXFileReference; lastKnownFileType = sourcecode.swift; path = MainViewController.swift; sourceTree = "<group>"; };
		F2E702D324013C0300A0289E /* UIViewRounding.swift */ = {isa = PBXFileReference; lastKnownFileType = sourcecode.swift; path = UIViewRounding.swift; sourceTree = "<group>"; };
		F2FE47A0240BEDC300EAD268 /* AddToDoViewController.swift */ = {isa = PBXFileReference; lastKnownFileType = sourcecode.swift; path = AddToDoViewController.swift; sourceTree = "<group>"; };
/* End PBXFileReference section */

/* Begin PBXFrameworksBuildPhase section */
		F24AB1BA23EFC3AE00ECBE1E /* Frameworks */ = {
			isa = PBXFrameworksBuildPhase;
			buildActionMask = 2147483647;
			files = (
				56F825E0AE59A84A6858CC4B /* Pods_Do_Did_List.framework in Frameworks */,
			);
			runOnlyForDeploymentPostprocessing = 0;
		};
/* End PBXFrameworksBuildPhase section */

/* Begin PBXGroup section */
		310F13406E004F2291072F41 /* Frameworks */ = {
			isa = PBXGroup;
			children = (
				F2A3A0A82403E343004E81E0 /* Cosmos.framework */,
				F2A3A0A92403E343004E81E0 /* M13Checkbox.framework */,
				F2A3A0AA2403E343004E81E0 /* SideMenu.framework */,
				F2B8019123FFE4AF0014D4B6 /* SideMenu.framework */,
				F25FB73B23EFFA0500282434 /* Lottie.framework */,
				F25FB73523EFF86200282434 /* Lottie.framework */,
				977E1452DED3D85498DC6191 /* Pods_Do_Did_List.framework */,
			);
			name = Frameworks;
			sourceTree = "<group>";
		};
		AA7798326B11DBFDB5ED578B /* Pods */ = {
			isa = PBXGroup;
			children = (
				2E6A4C6452B4AA37FA9D37E0 /* Pods-Do_Did_List.debug.xcconfig */,
				341C208A4A67D749A0AB5457 /* Pods-Do_Did_List.release.xcconfig */,
			);
			path = Pods;
			sourceTree = "<group>";
		};
		F24AB1B423EFC3AE00ECBE1E = {
			isa = PBXGroup;
			children = (
				F24AB1BF23EFC3AE00ECBE1E /* Do_Did_List */,
				F24AB1BE23EFC3AE00ECBE1E /* Products */,
				AA7798326B11DBFDB5ED578B /* Pods */,
				310F13406E004F2291072F41 /* Frameworks */,
				F2B8019023FFE4A60014D4B6 /* Recovered References */,
			);
			sourceTree = "<group>";
		};
		F24AB1BE23EFC3AE00ECBE1E /* Products */ = {
			isa = PBXGroup;
			children = (
				F24AB1BD23EFC3AE00ECBE1E /* Do_Did_List.app */,
			);
			name = Products;
			sourceTree = "<group>";
		};
		F24AB1BF23EFC3AE00ECBE1E /* Do_Did_List */ = {
			isa = PBXGroup;
			children = (
				F24AB1D123EFC3B100ECBE1E /* Info.plist */,
				F25FB73023EFF36000282434 /* Fonts */,
				F2E702D524013C5500A0289E /* Extensions */,
				F2C0A5302407CA070047B0A4 /* Models */,
				F2C0A5342407E2DB0047B0A4 /* Views */,
				F2E702C62400DE1400A0289E /* ViewControllers */,
				F2E702D624013C7000A0289E /* Storyboards */,
				F2C0A5352407E3370047B0A4 /* MISC */,
				F2BF3EDF242A50EB000E52F4 /* Trash */,
			);
			path = Do_Did_List;
			sourceTree = "<group>";
		};
		F25FB73023EFF36000282434 /* Fonts */ = {
			isa = PBXGroup;
			children = (
				F25FB73323EFF39500282434 /* FivoSans-Black.otf */,
				F25FB73123EFF38900282434 /* FivoSans-Black-Oblique.otf */,
			);
			path = Fonts;
			sourceTree = "<group>";
		};
		F2B8019023FFE4A60014D4B6 /* Recovered References */ = {
			isa = PBXGroup;
			children = (
				16F537CFBF1802084E4F37B6 /* Pods_Do_Did_List.framework */,
			);
			name = "Recovered References";
			sourceTree = "<group>";
		};
		F2BF3EDF242A50EB000E52F4 /* Trash */ = {
			isa = PBXGroup;
			children = (
				F25C3789240D487200E0EF0C /* AddToDoPullUp.storyboard */,
				F25C378B240D494700E0EF0C /* AddToDoPullUpViewController.swift */,
			);
			path = Trash;
			sourceTree = "<group>";
		};
		F2C0A5302407CA070047B0A4 /* Models */ = {
			isa = PBXGroup;
			children = (
				F2C0A52E2407C52A0047B0A4 /* ToDoItem.swift */,
				F26B3BE82421CEFC00052ABF /* ModelManager.swift */,
			);
			path = Models;
			sourceTree = "<group>";
		};
		F2C0A5342407E2DB0047B0A4 /* Views */ = {
			isa = PBXGroup;
			children = (
				F2CAB8812403EFF500ECCEBF /* ToDoTableViewCell.swift */,
				F25C3785240D0F5F00E0EF0C /* AddToDoTableViewCell.swift */,
			);
			path = Views;
			sourceTree = "<group>";
		};
		F2C0A5352407E3370047B0A4 /* MISC */ = {
			isa = PBXGroup;
			children = (
				F24AB1C923EFC3AE00ECBE1E /* Do_Did_List.xcdatamodeld */,
				F283C1E323FFBA0A00392DC5 /* Assets.xcassets */,
				F24AB1C223EFC3AE00ECBE1E /* SceneDelegate.swift */,
				F24AB1C023EFC3AE00ECBE1E /* AppDelegate.swift */,
			);
			path = MISC;
			sourceTree = "<group>";
		};
		F2E702C62400DE1400A0289E /* ViewControllers */ = {
			isa = PBXGroup;
			children = (
				F2E702CB2400E68200A0289E /* SideMenuViewController.swift */,
				F24AB1C423EFC3AE00ECBE1E /* StartViewController.swift */,
				F2E702CF2400E6C300A0289E /* MainViewController.swift */,
				F2FE47A0240BEDC300EAD268 /* AddToDoViewController.swift */,
				F2AE5E4C241500660029A2AE /* NewToDoTableViewController.swift */,
			);
			path = ViewControllers;
			sourceTree = "<group>";
		};
		F2E702D524013C5500A0289E /* Extensions */ = {
			isa = PBXGroup;
			children = (
				F2E702D324013C0300A0289E /* UIViewRounding.swift */,
			);
			path = Extensions;
			sourceTree = "<group>";
		};
		F2E702D624013C7000A0289E /* Storyboards */ = {
			isa = PBXGroup;
			children = (
				F24AB1CE23EFC3B100ECBE1E /* LaunchScreen.storyboard */,
				F24AB1C623EFC3AE00ECBE1E /* Main.storyboard */,
				F2CAB8822403EFF500ECCEBF /* ToDoTableViewCell.xib */,
			);
			path = Storyboards;
			sourceTree = "<group>";
		};
/* End PBXGroup section */

/* Begin PBXNativeTarget section */
		F24AB1BC23EFC3AE00ECBE1E /* Do_Did_List */ = {
			isa = PBXNativeTarget;
			buildConfigurationList = F24AB1D423EFC3B100ECBE1E /* Build configuration list for PBXNativeTarget "Do_Did_List" */;
			buildPhases = (
				077D8AFB705E132A59A23724 /* [CP] Check Pods Manifest.lock */,
				F24AB1B923EFC3AE00ECBE1E /* Sources */,
				F24AB1BA23EFC3AE00ECBE1E /* Frameworks */,
				F24AB1BB23EFC3AE00ECBE1E /* Resources */,
				E82AB01F105BA3F8CC6DD5FC /* [CP] Embed Pods Frameworks */,
			);
			buildRules = (
			);
			dependencies = (
			);
			name = Do_Did_List;
			productName = Do_Did_List;
			productReference = F24AB1BD23EFC3AE00ECBE1E /* Do_Did_List.app */;
			productType = "com.apple.product-type.application";
		};
/* End PBXNativeTarget section */

/* Begin PBXProject section */
		F24AB1B523EFC3AE00ECBE1E /* Project object */ = {
			isa = PBXProject;
			attributes = {
				LastSwiftUpdateCheck = 1130;
				LastUpgradeCheck = 1130;
				ORGANIZATIONNAME = MinseokKang;
				TargetAttributes = {
					F24AB1BC23EFC3AE00ECBE1E = {
						CreatedOnToolsVersion = 11.3.1;
					};
				};
			};
			buildConfigurationList = F24AB1B823EFC3AE00ECBE1E /* Build configuration list for PBXProject "Do_Did_List" */;
			compatibilityVersion = "Xcode 9.3";
			developmentRegion = en;
			hasScannedForEncodings = 0;
			knownRegions = (
				en,
				Base,
			);
			mainGroup = F24AB1B423EFC3AE00ECBE1E;
			productRefGroup = F24AB1BE23EFC3AE00ECBE1E /* Products */;
			projectDirPath = "";
			projectRoot = "";
			targets = (
				F24AB1BC23EFC3AE00ECBE1E /* Do_Did_List */,
			);
		};
/* End PBXProject section */

/* Begin PBXResourcesBuildPhase section */
		F24AB1BB23EFC3AE00ECBE1E /* Resources */ = {
			isa = PBXResourcesBuildPhase;
			buildActionMask = 2147483647;
			files = (
				F25C378A240D487200E0EF0C /* AddToDoPullUp.storyboard in Resources */,
				F24AB1D023EFC3B100ECBE1E /* LaunchScreen.storyboard in Resources */,
				F2CAB8842403EFF500ECCEBF /* ToDoTableViewCell.xib in Resources */,
				F25FB73223EFF38900282434 /* FivoSans-Black-Oblique.otf in Resources */,
				F25FB73423EFF39500282434 /* FivoSans-Black.otf in Resources */,
				F24AB1C823EFC3AE00ECBE1E /* Main.storyboard in Resources */,
				F283C1E423FFBA0A00392DC5 /* Assets.xcassets in Resources */,
			);
			runOnlyForDeploymentPostprocessing = 0;
		};
/* End PBXResourcesBuildPhase section */

/* Begin PBXShellScriptBuildPhase section */
		077D8AFB705E132A59A23724 /* [CP] Check Pods Manifest.lock */ = {
			isa = PBXShellScriptBuildPhase;
			buildActionMask = 2147483647;
			files = (
			);
			inputFileListPaths = (
			);
			inputPaths = (
				"${PODS_PODFILE_DIR_PATH}/Podfile.lock",
				"${PODS_ROOT}/Manifest.lock",
			);
			name = "[CP] Check Pods Manifest.lock";
			outputFileListPaths = (
			);
			outputPaths = (
				"$(DERIVED_FILE_DIR)/Pods-Do_Did_List-checkManifestLockResult.txt",
			);
			runOnlyForDeploymentPostprocessing = 0;
			shellPath = /bin/sh;
			shellScript = "diff \"${PODS_PODFILE_DIR_PATH}/Podfile.lock\" \"${PODS_ROOT}/Manifest.lock\" > /dev/null\nif [ $? != 0 ] ; then\n    # print error to STDERR\n    echo \"error: The sandbox is not in sync with the Podfile.lock. Run 'pod install' or update your CocoaPods installation.\" >&2\n    exit 1\nfi\n# This output is used by Xcode 'outputs' to avoid re-running this script phase.\necho \"SUCCESS\" > \"${SCRIPT_OUTPUT_FILE_0}\"\n";
			showEnvVarsInLog = 0;
		};
		E82AB01F105BA3F8CC6DD5FC /* [CP] Embed Pods Frameworks */ = {
			isa = PBXShellScriptBuildPhase;
			buildActionMask = 2147483647;
			files = (
			);
			inputFileListPaths = (
				"${PODS_ROOT}/Target Support Files/Pods-Do_Did_List/Pods-Do_Did_List-frameworks-${CONFIGURATION}-input-files.xcfilelist",
			);
			name = "[CP] Embed Pods Frameworks";
			outputFileListPaths = (
				"${PODS_ROOT}/Target Support Files/Pods-Do_Did_List/Pods-Do_Did_List-frameworks-${CONFIGURATION}-output-files.xcfilelist",
			);
			runOnlyForDeploymentPostprocessing = 0;
			shellPath = /bin/sh;
			shellScript = "\"${PODS_ROOT}/Target Support Files/Pods-Do_Did_List/Pods-Do_Did_List-frameworks.sh\"\n";
			showEnvVarsInLog = 0;
		};
/* End PBXShellScriptBuildPhase section */

/* Begin PBXSourcesBuildPhase section */
		F24AB1B923EFC3AE00ECBE1E /* Sources */ = {
			isa = PBXSourcesBuildPhase;
			buildActionMask = 2147483647;
			files = (
				F25C378C240D494700E0EF0C /* AddToDoPullUpViewController.swift in Sources */,
				F2AE5E4D241500660029A2AE /* NewToDoTableViewController.swift in Sources */,
				F24AB1C523EFC3AE00ECBE1E /* StartViewController.swift in Sources */,
				F26B3BE92421CEFC00052ABF /* ModelManager.swift in Sources */,
				F24AB1C123EFC3AE00ECBE1E /* AppDelegate.swift in Sources */,
				F2FE47A1240BEDC300EAD268 /* AddToDoViewController.swift in Sources */,
				F24AB1CB23EFC3AE00ECBE1E /* Do_Did_List.xcdatamodeld in Sources */,
				F2CAB8832403EFF500ECCEBF /* ToDoTableViewCell.swift in Sources */,
				F2E702D02400E6C300A0289E /* MainViewController.swift in Sources */,
				F2E702D424013C0300A0289E /* UIViewRounding.swift in Sources */,
				F2E702CD2400E68200A0289E /* SideMenuViewController.swift in Sources */,
				F2C0A52F2407C52A0047B0A4 /* ToDoItem.swift in Sources */,
				F25C3787240D0F5F00E0EF0C /* AddToDoTableViewCell.swift in Sources */,
				F24AB1C323EFC3AE00ECBE1E /* SceneDelegate.swift in Sources */,
			);
			runOnlyForDeploymentPostprocessing = 0;
		};
/* End PBXSourcesBuildPhase section */

/* Begin PBXVariantGroup section */
		F24AB1C623EFC3AE00ECBE1E /* Main.storyboard */ = {
			isa = PBXVariantGroup;
			children = (
				F24AB1C723EFC3AE00ECBE1E /* Base */,
			);
			name = Main.storyboard;
			sourceTree = "<group>";
		};
		F24AB1CE23EFC3B100ECBE1E /* LaunchScreen.storyboard */ = {
			isa = PBXVariantGroup;
			children = (
				F24AB1CF23EFC3B100ECBE1E /* Base */,
			);
			name = LaunchScreen.storyboard;
			sourceTree = "<group>";
		};
/* End PBXVariantGroup section */

/* Begin XCBuildConfiguration section */
		F24AB1D223EFC3B100ECBE1E /* Debug */ = {
			isa = XCBuildConfiguration;
			buildSettings = {
				ALWAYS_SEARCH_USER_PATHS = NO;
				CLANG_ANALYZER_NONNULL = YES;
				CLANG_ANALYZER_NUMBER_OBJECT_CONVERSION = YES_AGGRESSIVE;
				CLANG_CXX_LANGUAGE_STANDARD = "gnu++14";
				CLANG_CXX_LIBRARY = "libc++";
				CLANG_ENABLE_MODULES = YES;
				CLANG_ENABLE_OBJC_ARC = YES;
				CLANG_ENABLE_OBJC_WEAK = YES;
				CLANG_WARN_BLOCK_CAPTURE_AUTORELEASING = YES;
				CLANG_WARN_BOOL_CONVERSION = YES;
				CLANG_WARN_COMMA = YES;
				CLANG_WARN_CONSTANT_CONVERSION = YES;
				CLANG_WARN_DEPRECATED_OBJC_IMPLEMENTATIONS = YES;
				CLANG_WARN_DIRECT_OBJC_ISA_USAGE = YES_ERROR;
				CLANG_WARN_DOCUMENTATION_COMMENTS = YES;
				CLANG_WARN_EMPTY_BODY = YES;
				CLANG_WARN_ENUM_CONVERSION = YES;
				CLANG_WARN_INFINITE_RECURSION = YES;
				CLANG_WARN_INT_CONVERSION = YES;
				CLANG_WARN_NON_LITERAL_NULL_CONVERSION = YES;
				CLANG_WARN_OBJC_IMPLICIT_RETAIN_SELF = YES;
				CLANG_WARN_OBJC_LITERAL_CONVERSION = YES;
				CLANG_WARN_OBJC_ROOT_CLASS = YES_ERROR;
				CLANG_WARN_RANGE_LOOP_ANALYSIS = YES;
				CLANG_WARN_STRICT_PROTOTYPES = YES;
				CLANG_WARN_SUSPICIOUS_MOVE = YES;
				CLANG_WARN_UNGUARDED_AVAILABILITY = YES_AGGRESSIVE;
				CLANG_WARN_UNREACHABLE_CODE = YES;
				CLANG_WARN__DUPLICATE_METHOD_MATCH = YES;
				COPY_PHASE_STRIP = NO;
				DEBUG_INFORMATION_FORMAT = dwarf;
				ENABLE_STRICT_OBJC_MSGSEND = YES;
				ENABLE_TESTABILITY = YES;
				GCC_C_LANGUAGE_STANDARD = gnu11;
				GCC_DYNAMIC_NO_PIC = NO;
				GCC_NO_COMMON_BLOCKS = YES;
				GCC_OPTIMIZATION_LEVEL = 0;
				GCC_PREPROCESSOR_DEFINITIONS = (
					"DEBUG=1",
					"$(inherited)",
				);
				GCC_WARN_64_TO_32_BIT_CONVERSION = YES;
				GCC_WARN_ABOUT_RETURN_TYPE = YES_ERROR;
				GCC_WARN_UNDECLARED_SELECTOR = YES;
				GCC_WARN_UNINITIALIZED_AUTOS = YES_AGGRESSIVE;
				GCC_WARN_UNUSED_FUNCTION = YES;
				GCC_WARN_UNUSED_VARIABLE = YES;
				IPHONEOS_DEPLOYMENT_TARGET = 13.2;
				MTL_ENABLE_DEBUG_INFO = INCLUDE_SOURCE;
				MTL_FAST_MATH = YES;
				ONLY_ACTIVE_ARCH = YES;
				SDKROOT = iphoneos;
				SWIFT_ACTIVE_COMPILATION_CONDITIONS = DEBUG;
				SWIFT_OPTIMIZATION_LEVEL = "-Onone";
			};
			name = Debug;
		};
		F24AB1D323EFC3B100ECBE1E /* Release */ = {
			isa = XCBuildConfiguration;
			buildSettings = {
				ALWAYS_SEARCH_USER_PATHS = NO;
				CLANG_ANALYZER_NONNULL = YES;
				CLANG_ANALYZER_NUMBER_OBJECT_CONVERSION = YES_AGGRESSIVE;
				CLANG_CXX_LANGUAGE_STANDARD = "gnu++14";
				CLANG_CXX_LIBRARY = "libc++";
				CLANG_ENABLE_MODULES = YES;
				CLANG_ENABLE_OBJC_ARC = YES;
				CLANG_ENABLE_OBJC_WEAK = YES;
				CLANG_WARN_BLOCK_CAPTURE_AUTORELEASING = YES;
				CLANG_WARN_BOOL_CONVERSION = YES;
				CLANG_WARN_COMMA = YES;
				CLANG_WARN_CONSTANT_CONVERSION = YES;
				CLANG_WARN_DEPRECATED_OBJC_IMPLEMENTATIONS = YES;
				CLANG_WARN_DIRECT_OBJC_ISA_USAGE = YES_ERROR;
				CLANG_WARN_DOCUMENTATION_COMMENTS = YES;
				CLANG_WARN_EMPTY_BODY = YES;
				CLANG_WARN_ENUM_CONVERSION = YES;
				CLANG_WARN_INFINITE_RECURSION = YES;
				CLANG_WARN_INT_CONVERSION = YES;
				CLANG_WARN_NON_LITERAL_NULL_CONVERSION = YES;
				CLANG_WARN_OBJC_IMPLICIT_RETAIN_SELF = YES;
				CLANG_WARN_OBJC_LITERAL_CONVERSION = YES;
				CLANG_WARN_OBJC_ROOT_CLASS = YES_ERROR;
				CLANG_WARN_RANGE_LOOP_ANALYSIS = YES;
				CLANG_WARN_STRICT_PROTOTYPES = YES;
				CLANG_WARN_SUSPICIOUS_MOVE = YES;
				CLANG_WARN_UNGUARDED_AVAILABILITY = YES_AGGRESSIVE;
				CLANG_WARN_UNREACHABLE_CODE = YES;
				CLANG_WARN__DUPLICATE_METHOD_MATCH = YES;
				COPY_PHASE_STRIP = NO;
				DEBUG_INFORMATION_FORMAT = "dwarf-with-dsym";
				ENABLE_NS_ASSERTIONS = NO;
				ENABLE_STRICT_OBJC_MSGSEND = YES;
				GCC_C_LANGUAGE_STANDARD = gnu11;
				GCC_NO_COMMON_BLOCKS = YES;
				GCC_WARN_64_TO_32_BIT_CONVERSION = YES;
				GCC_WARN_ABOUT_RETURN_TYPE = YES_ERROR;
				GCC_WARN_UNDECLARED_SELECTOR = YES;
				GCC_WARN_UNINITIALIZED_AUTOS = YES_AGGRESSIVE;
				GCC_WARN_UNUSED_FUNCTION = YES;
				GCC_WARN_UNUSED_VARIABLE = YES;
				IPHONEOS_DEPLOYMENT_TARGET = 13.2;
				MTL_ENABLE_DEBUG_INFO = NO;
				MTL_FAST_MATH = YES;
				SDKROOT = iphoneos;
				SWIFT_COMPILATION_MODE = wholemodule;
				SWIFT_OPTIMIZATION_LEVEL = "-O";
				VALIDATE_PRODUCT = YES;
			};
			name = Release;
		};
		F24AB1D523EFC3B100ECBE1E /* Debug */ = {
			isa = XCBuildConfiguration;
			baseConfigurationReference = 2E6A4C6452B4AA37FA9D37E0 /* Pods-Do_Did_List.debug.xcconfig */;
			buildSettings = {
				ASSETCATALOG_COMPILER_APPICON_NAME = AppIcon;
				CODE_SIGN_STYLE = Automatic;
				DEVELOPMENT_TEAM = 75FNRKTJ9S;
				INFOPLIST_FILE = Do_Did_List/Info.plist;
				LD_RUNPATH_SEARCH_PATHS = (
					"$(inherited)",
					"@executable_path/Frameworks",
				);
				PRODUCT_BUNDLE_IDENTIFIER = "com.tistory.axe-num1.Do-Did-List";
				PRODUCT_NAME = "$(TARGET_NAME)";
				SWIFT_VERSION = 5.0;
				TARGETED_DEVICE_FAMILY = "1,2";
			};
			name = Debug;
		};
		F24AB1D623EFC3B100ECBE1E /* Release */ = {
			isa = XCBuildConfiguration;
			baseConfigurationReference = 341C208A4A67D749A0AB5457 /* Pods-Do_Did_List.release.xcconfig */;
			buildSettings = {
				ASSETCATALOG_COMPILER_APPICON_NAME = AppIcon;
				CODE_SIGN_STYLE = Automatic;
				DEVELOPMENT_TEAM = 75FNRKTJ9S;
				INFOPLIST_FILE = Do_Did_List/Info.plist;
				LD_RUNPATH_SEARCH_PATHS = (
					"$(inherited)",
					"@executable_path/Frameworks",
				);
				PRODUCT_BUNDLE_IDENTIFIER = "com.tistory.axe-num1.Do-Did-List";
				PRODUCT_NAME = "$(TARGET_NAME)";
				SWIFT_VERSION = 5.0;
				TARGETED_DEVICE_FAMILY = "1,2";
			};
			name = Release;
		};
/* End XCBuildConfiguration section */

/* Begin XCConfigurationList section */
		F24AB1B823EFC3AE00ECBE1E /* Build configuration list for PBXProject "Do_Did_List" */ = {
			isa = XCConfigurationList;
			buildConfigurations = (
				F24AB1D223EFC3B100ECBE1E /* Debug */,
				F24AB1D323EFC3B100ECBE1E /* Release */,
			);
			defaultConfigurationIsVisible = 0;
			defaultConfigurationName = Release;
		};
		F24AB1D423EFC3B100ECBE1E /* Build configuration list for PBXNativeTarget "Do_Did_List" */ = {
			isa = XCConfigurationList;
			buildConfigurations = (
				F24AB1D523EFC3B100ECBE1E /* Debug */,
				F24AB1D623EFC3B100ECBE1E /* Release */,
			);
			defaultConfigurationIsVisible = 0;
			defaultConfigurationName = Release;
		};
/* End XCConfigurationList section */

/* Begin XCVersionGroup section */
		F24AB1C923EFC3AE00ECBE1E /* Do_Did_List.xcdatamodeld */ = {
			isa = XCVersionGroup;
			children = (
				F24AB1CA23EFC3AE00ECBE1E /* Do_Did_List.xcdatamodel */,
			);
			currentVersion = F24AB1CA23EFC3AE00ECBE1E /* Do_Did_List.xcdatamodel */;
			path = Do_Did_List.xcdatamodeld;
			sourceTree = "<group>";
			versionGroupType = wrapper.xcdatamodel;
		};
/* End XCVersionGroup section */
	};
	rootObject = F24AB1B523EFC3AE00ECBE1E /* Project object */;
}
